{
  "version": 4,
  "terraform_version": "1.12.2",
  "serial": 58,
  "lineage": "bac34208-5125-fdec-60ad-4862fdc76860",
  "outputs": {
    "app_url": {
      "value": "https://devops8087.azurewebsites.net",
      "type": "string"
    },
    "staging_url": {
      "value": "https://devops8087.azurewebsites.net/?slot=staging",
      "type": "string"
    }
  },
  "resources": [
    {
      "mode": "managed",
      "type": "azurerm_linux_web_app",
      "name": "app",
      "provider": "provider[\"registry.terraform.io/hashicorp/azurerm\"]",
      "instances": [
        {
          "schema_version": 1,
          "attributes": {
            "app_settings": {
              "ENV": "production",
              "SCM_DO_BUILD_DURING_DEPLOYMENT": "false",
              "WEBSITE_RUN_FROM_PACKAGE": "0"
            },
            "auth_settings": [
              {
                "active_directory": [],
                "additional_login_parameters": {},
                "allowed_external_redirect_urls": [],
                "default_provider": "",
                "enabled": false,
                "facebook": [],
                "github": [],
                "google": [],
                "issuer": "",
                "microsoft": [],
                "runtime_version": "",
                "token_refresh_extension_hours": 0,
                "token_store_enabled": false,
                "twitter": [],
                "unauthenticated_client_action": ""
              }
            ],
            "auth_settings_v2": [],
            "backup": [],
            "client_affinity_enabled": false,
            "client_certificate_enabled": false,
            "client_certificate_exclusion_paths": "",
            "client_certificate_mode": "Required",
            "connection_string": [],
            "custom_domain_verification_id": "2EF3546366761CC10DB2F6A73BB5BA492641AC4B405985C5919F8749DEFA7E5A",
            "default_hostname": "devops8087.azurewebsites.net",
            "enabled": true,
            "ftp_publish_basic_authentication_enabled": true,
            "hosting_environment_id": "",
            "https_only": false,
            "id": "/subscriptions/faa913a6-7bae-4dca-8931-aee83dd37963/resourceGroups/webapp-rg/providers/Microsoft.Web/sites/devops8087",
            "identity": [],
            "key_vault_reference_identity_id": "SystemAssigned",
            "kind": "app,linux",
            "location": "centralindia",
            "logs": [],
            "name": "devops8087",
            "outbound_ip_address_list": [
              "135.235.250.72",
              "4.188.96.180",
              "20.207.104.198",
              "13.71.54.177",
              "98.70.217.146",
              "20.204.205.121",
              "20.204.201.70",
              "98.70.240.104",
              "98.70.244.150",
              "20.204.240.32",
              "20.204.227.3",
              "98.70.244.178",
              "52.140.106.226"
            ],
            "outbound_ip_addresses": "135.235.250.72,4.188.96.180,20.207.104.198,13.71.54.177,98.70.217.146,20.204.205.121,20.204.201.70,98.70.240.104,98.70.244.150,20.204.240.32,20.204.227.3,98.70.244.178,52.140.106.226",
            "possible_outbound_ip_address_list": [
              "135.235.250.72",
              "4.188.96.180",
              "20.207.104.198",
              "13.71.54.177",
              "98.70.217.146",
              "20.204.205.121",
              "20.204.201.70",
              "98.70.240.104",
              "98.70.244.150",
              "20.204.240.32",
              "20.204.227.3",
              "98.70.244.178",
              "20.204.202.180",
              "20.204.203.160",
              "20.207.73.14",
              "20.207.88.185",
              "20.204.238.9",
              "4.213.214.203",
              "4.224.142.95",
              "20.204.220.87",
              "20.204.227.47",
              "20.204.221.23",
              "20.207.89.200",
              "20.204.239.204",
              "98.70.246.153",
              "98.70.246.190",
              "20.204.235.220",
              "20.207.105.218",
              "13.71.55.78",
              "98.70.247.193",
              "52.140.106.226"
            ],
            "possible_outbound_ip_addresses": "135.235.250.72,4.188.96.180,20.207.104.198,13.71.54.177,98.70.217.146,20.204.205.121,20.204.201.70,98.70.240.104,98.70.244.150,20.204.240.32,20.204.227.3,98.70.244.178,20.204.202.180,20.204.203.160,20.207.73.14,20.207.88.185,20.204.238.9,4.213.214.203,4.224.142.95,20.204.220.87,20.204.227.47,20.204.221.23,20.207.89.200,20.204.239.204,98.70.246.153,98.70.246.190,20.204.235.220,20.207.105.218,13.71.55.78,98.70.247.193,52.140.106.226",
            "public_network_access_enabled": true,
            "resource_group_name": "webapp-rg",
            "service_plan_id": "/subscriptions/faa913a6-7bae-4dca-8931-aee83dd37963/resourceGroups/webapp-rg/providers/Microsoft.Web/serverFarms/devops",
            "site_config": [
              {
                "always_on": true,
                "api_definition_url": "",
                "api_management_api_id": "",
                "app_command_line": "",
                "application_stack": [
                  {
                    "docker_image_name": "",
                    "docker_registry_password": "",
                    "docker_registry_url": "",
                    "docker_registry_username": "",
                    "dotnet_version": "",
                    "go_version": "",
                    "java_server": "",
                    "java_server_version": "",
                    "java_version": "",
                    "node_version": "18-lts",
                    "php_version": "",
                    "python_version": "",
                    "ruby_version": ""
                  }
                ],
                "auto_heal_setting": [],
                "container_registry_managed_identity_client_id": "",
                "container_registry_use_managed_identity": false,
                "cors": [],
                "default_documents": [
                  "Default.htm",
                  "Default.html",
                  "Default.asp",
                  "index.htm",
                  "index.html",
                  "iisstart.htm",
                  "default.aspx",
                  "index.php",
                  "hostingstart.html"
                ],
                "detailed_error_logging_enabled": false,
                "ftps_state": "Disabled",
                "health_check_eviction_time_in_min": 0,
                "health_check_path": "",
                "http2_enabled": false,
                "ip_restriction": [],
                "ip_restriction_default_action": "Allow",
                "linux_fx_version": "NODE|18-lts",
                "load_balancing_mode": "LeastRequests",
                "local_mysql_enabled": false,
                "managed_pipeline_mode": "Integrated",
                "minimum_tls_version": "1.2",
                "remote_debugging_enabled": false,
                "remote_debugging_version": "VS2022",
                "scm_ip_restriction": [],
                "scm_ip_restriction_default_action": "Allow",
                "scm_minimum_tls_version": "1.2",
                "scm_type": "ExternalGit",
                "scm_use_main_ip_restriction": false,
                "use_32_bit_worker": true,
                "vnet_route_all_enabled": false,
                "websockets_enabled": true,
                "worker_count": 1
              }
            ],
            "site_credential": [
              {
                "name": "$devops8087",
                "password": "8QTfKT5iGzLWCEXheZNvTE7atuWlqAdTrmKEqSASEBCbGyXa33XhwX4vbi7d"
              }
            ],
            "sticky_settings": [],
            "storage_account": [],
            "tags": {},
            "timeouts": null,
            "virtual_network_backup_restore_enabled": false,
            "virtual_network_subnet_id": "",
            "vnet_image_pull_enabled": false,
            "webdeploy_publish_basic_authentication_enabled": true,
            "zip_deploy_file": ""
          },
          "sensitive_attributes": [
            [
              {
                "type": "get_attr",
                "value": "custom_domain_verification_id"
              }
            ],
            [
              {
                "type": "get_attr",
                "value": "site_config"
              },
              {
                "type": "index",
                "value": {
                  "value": 0,
                  "type": "number"
                }
              },
              {
                "type": "get_attr",
                "value": "application_stack"
              },
              {
                "type": "index",
                "value": {
                  "value": 0,
                  "type": "number"
                }
              },
              {
                "type": "get_attr",
                "value": "docker_registry_password"
              }
            ],
            [
              {
                "type": "get_attr",
                "value": "site_credential"
              }
            ]
          ],
          "identity_schema_version": 0,
          "private": "eyJlMmJmYjczMC1lY2FhLTExZTYtOGY4OC0zNDM2M2JjN2M0YzAiOnsiY3JlYXRlIjoxODAwMDAwMDAwMDAwLCJkZWxldGUiOjE4MDAwMDAwMDAwMDAsInJlYWQiOjMwMDAwMDAwMDAwMCwidXBkYXRlIjoxODAwMDAwMDAwMDAwfSwic2NoZW1hX3ZlcnNpb24iOiIxIn0=",
          "dependencies": [
            "azurerm_resource_group.rg",
            "azurerm_service_plan.plan"
          ]
        }
      ]
    },
    {
      "mode": "managed",
      "type": "azurerm_linux_web_app_slot",
      "name": "staging",
      "provider": "provider[\"registry.terraform.io/hashicorp/azurerm\"]",
      "instances": [
        {
          "schema_version": 1,
          "attributes": {
            "app_metadata": {},
            "app_service_id": "/subscriptions/faa913a6-7bae-4dca-8931-aee83dd37963/resourceGroups/webapp-rg/providers/Microsoft.Web/sites/devops8087",
            "app_settings": {
              "ENV": "staging"
            },
            "auth_settings": [
              {
                "active_directory": [],
                "additional_login_parameters": {},
                "allowed_external_redirect_urls": [],
                "default_provider": "",
                "enabled": false,
                "facebook": [],
                "github": [],
                "google": [],
                "issuer": "",
                "microsoft": [],
                "runtime_version": "",
                "token_refresh_extension_hours": 0,
                "token_store_enabled": false,
                "twitter": [],
                "unauthenticated_client_action": ""
              }
            ],
            "auth_settings_v2": [],
            "backup": [],
            "client_affinity_enabled": false,
            "client_certificate_enabled": false,
            "client_certificate_exclusion_paths": "",
            "client_certificate_mode": "Required",
            "connection_string": [],
            "custom_domain_verification_id": "2EF3546366761CC10DB2F6A73BB5BA492641AC4B405985C5919F8749DEFA7E5A",
            "default_hostname": "devops8087-staging.azurewebsites.net",
            "enabled": true,
            "ftp_publish_basic_authentication_enabled": true,
            "hosting_environment_id": "",
            "https_only": false,
            "id": "/subscriptions/faa913a6-7bae-4dca-8931-aee83dd37963/resourceGroups/webapp-rg/providers/Microsoft.Web/sites/devops8087/slots/staging",
            "identity": [],
            "key_vault_reference_identity_id": "SystemAssigned",
            "kind": "app,linux",
            "logs": [],
            "name": "staging",
            "outbound_ip_address_list": [
              "135.235.250.72",
              "4.188.96.180",
              "20.207.104.198",
              "13.71.54.177",
              "98.70.217.146",
              "20.204.205.121",
              "20.204.201.70",
              "98.70.240.104",
              "98.70.244.150",
              "20.204.240.32",
              "20.204.227.3",
              "98.70.244.178",
              "52.140.106.226"
            ],
            "outbound_ip_addresses": "135.235.250.72,4.188.96.180,20.207.104.198,13.71.54.177,98.70.217.146,20.204.205.121,20.204.201.70,98.70.240.104,98.70.244.150,20.204.240.32,20.204.227.3,98.70.244.178,52.140.106.226",
            "possible_outbound_ip_address_list": [
              "135.235.250.72",
              "4.188.96.180",
              "20.207.104.198",
              "13.71.54.177",
              "98.70.217.146",
              "20.204.205.121",
              "20.204.201.70",
              "98.70.240.104",
              "98.70.244.150",
              "20.204.240.32",
              "20.204.227.3",
              "98.70.244.178",
              "20.204.202.180",
              "20.204.203.160",
              "20.207.73.14",
              "20.207.88.185",
              "20.204.238.9",
              "4.213.214.203",
              "4.224.142.95",
              "20.204.220.87",
              "20.204.227.47",
              "20.204.221.23",
              "20.207.89.200",
              "20.204.239.204",
              "98.70.246.153",
              "98.70.246.190",
              "20.204.235.220",
              "20.207.105.218",
              "13.71.55.78",
              "98.70.247.193",
              "52.140.106.226"
            ],
            "possible_outbound_ip_addresses": "135.235.250.72,4.188.96.180,20.207.104.198,13.71.54.177,98.70.217.146,20.204.205.121,20.204.201.70,98.70.240.104,98.70.244.150,20.204.240.32,20.204.227.3,98.70.244.178,20.204.202.180,20.204.203.160,20.207.73.14,20.207.88.185,20.204.238.9,4.213.214.203,4.224.142.95,20.204.220.87,20.204.227.47,20.204.221.23,20.207.89.200,20.204.239.204,98.70.246.153,98.70.246.190,20.204.235.220,20.207.105.218,13.71.55.78,98.70.247.193,52.140.106.226",
            "public_network_access_enabled": true,
            "service_plan_id": "",
            "site_config": [
              {
                "always_on": true,
                "api_definition_url": "",
                "api_management_api_id": "",
                "app_command_line": "",
                "application_stack": [
                  {
                    "docker_image_name": "",
                    "docker_registry_password": "",
                    "docker_registry_url": "",
                    "docker_registry_username": "",
                    "dotnet_version": "",
                    "go_version": "",
                    "java_server": "",
                    "java_server_version": "",
                    "java_version": "",
                    "node_version": "18-lts",
                    "php_version": "",
                    "python_version": "",
                    "ruby_version": ""
                  }
                ],
                "auto_heal_setting": [],
                "auto_swap_slot_name": "",
                "container_registry_managed_identity_client_id": "",
                "container_registry_use_managed_identity": false,
                "cors": [],
                "default_documents": [
                  "Default.htm",
                  "Default.html",
                  "Default.asp",
                  "index.htm",
                  "index.html",
                  "iisstart.htm",
                  "default.aspx",
                  "index.php",
                  "hostingstart.html"
                ],
                "detailed_error_logging_enabled": false,
                "ftps_state": "Disabled",
                "health_check_eviction_time_in_min": 0,
                "health_check_path": "",
                "http2_enabled": false,
                "ip_restriction": [],
                "ip_restriction_default_action": "Allow",
                "linux_fx_version": "NODE|18-lts",
                "load_balancing_mode": "LeastRequests",
                "local_mysql_enabled": false,
                "managed_pipeline_mode": "Integrated",
                "minimum_tls_version": "1.2",
                "remote_debugging_enabled": false,
                "remote_debugging_version": "VS2022",
                "scm_ip_restriction": [],
                "scm_ip_restriction_default_action": "Allow",
                "scm_minimum_tls_version": "1.2",
                "scm_type": "None",
                "scm_use_main_ip_restriction": false,
                "use_32_bit_worker": true,
                "vnet_route_all_enabled": false,
                "websockets_enabled": false,
                "worker_count": 1
              }
            ],
            "site_credential": [
              {
                "name": "$devops8087__staging",
                "password": "dc1p8TBKqDvsgDkLeYLM8ioCrrRciDuaExbMBuapcok3ByhA8HHijwl4Z1Jt"
              }
            ],
            "storage_account": [],
            "tags": {},
            "timeouts": null,
            "virtual_network_backup_restore_enabled": false,
            "virtual_network_subnet_id": "",
            "vnet_image_pull_enabled": false,
            "webdeploy_publish_basic_authentication_enabled": true,
            "zip_deploy_file": ""
          },
          "sensitive_attributes": [
            [
              {
                "type": "get_attr",
                "value": "custom_domain_verification_id"
              }
            ],
            [
              {
                "type": "get_attr",
                "value": "site_config"
              },
              {
                "type": "index",
                "value": {
                  "value": 0,
                  "type": "number"
                }
              },
              {
                "type": "get_attr",
                "value": "application_stack"
              },
              {
                "type": "index",
                "value": {
                  "value": 0,
                  "type": "number"
                }
              },
              {
                "type": "get_attr",
                "value": "docker_registry_password"
              }
            ],
            [
              {
                "type": "get_attr",
                "value": "site_credential"
              }
            ]
          ],
          "identity_schema_version": 0,
          "private": "eyJlMmJmYjczMC1lY2FhLTExZTYtOGY4OC0zNDM2M2JjN2M0YzAiOnsiY3JlYXRlIjoxODAwMDAwMDAwMDAwLCJkZWxldGUiOjE4MDAwMDAwMDAwMDAsInJlYWQiOjMwMDAwMDAwMDAwMCwidXBkYXRlIjoxODAwMDAwMDAwMDAwfSwic2NoZW1hX3ZlcnNpb24iOiIxIn0=",
          "dependencies": [
            "azurerm_linux_web_app.app",
            "azurerm_resource_group.rg",
            "azurerm_service_plan.plan"
          ]
        }
      ]
    },
    {
      "mode": "managed",
      "type": "azurerm_resource_group",
      "name": "rg",
      "provider": "provider[\"registry.terraform.io/hashicorp/azurerm\"]",
      "instances": [
        {
          "schema_version": 0,
          "attributes": {
            "id": "/subscriptions/faa913a6-7bae-4dca-8931-aee83dd37963/resourceGroups/webapp-rg",
            "location": "centralindia",
            "managed_by": "",
            "name": "webapp-rg",
            "tags": {},
            "timeouts": null
          },
          "sensitive_attributes": [],
          "identity_schema_version": 0,
          "identity": {
            "name": "webapp-rg",
            "subscription_id": "faa913a6-7bae-4dca-8931-aee83dd37963"
          },
          "private": "eyJlMmJmYjczMC1lY2FhLTExZTYtOGY4OC0zNDM2M2JjN2M0YzAiOnsiY3JlYXRlIjo1NDAwMDAwMDAwMDAwLCJkZWxldGUiOjU0MDAwMDAwMDAwMDAsInJlYWQiOjMwMDAwMDAwMDAwMCwidXBkYXRlIjo1NDAwMDAwMDAwMDAwfX0="
        }
      ]
    },
    {
      "mode": "managed",
      "type": "azurerm_service_plan",
      "name": "plan",
      "provider": "provider[\"registry.terraform.io/hashicorp/azurerm\"]",
      "instances": [
        {
          "schema_version": 1,
          "attributes": {
            "app_service_environment_id": "",
            "id": "/subscriptions/faa913a6-7bae-4dca-8931-aee83dd37963/resourceGroups/webapp-rg/providers/Microsoft.Web/serverFarms/devops",
            "kind": "linux",
            "location": "centralindia",
            "maximum_elastic_worker_count": 1,
            "name": "devops",
            "os_type": "Linux",
            "per_site_scaling_enabled": false,
            "premium_plan_auto_scale_enabled": false,
            "reserved": true,
            "resource_group_name": "webapp-rg",
            "sku_name": "S1",
            "tags": {},
            "timeouts": null,
            "worker_count": 1,
            "zone_balancing_enabled": false
          },
          "sensitive_attributes": [],
          "identity_schema_version": 0,
          "identity": {
            "name": "devops",
            "resource_group_name": "webapp-rg",
            "subscription_id": "faa913a6-7bae-4dca-8931-aee83dd37963"
          },
          "private": "eyJlMmJmYjczMC1lY2FhLTExZTYtOGY4OC0zNDM2M2JjN2M0YzAiOnsiY3JlYXRlIjozNjAwMDAwMDAwMDAwLCJkZWxldGUiOjM2MDAwMDAwMDAwMDAsInJlYWQiOjMwMDAwMDAwMDAwMCwidXBkYXRlIjozNjAwMDAwMDAwMDAwfSwic2NoZW1hX3ZlcnNpb24iOiIxIn0=",
          "dependencies": [
            "azurerm_resource_group.rg"
          ]
        }
      ]
    }
  ],
  "check_results": null
}
